// !$*UTF8*$!
{
	archiveVersion = 1;
	classes = {
	};
	objectVersion = 46;
	objects = {

/* Begin PBXBuildFile section */
		880485761842F12300746698 /* libsqlite3.0.dylib in Frameworks */ = {isa = PBXBuildFile; fileRef = 880485751842F12300746698 /* libsqlite3.0.dylib */; };
		8804857A1843339100746698 /* Localizable.strings in Resources */ = {isa = PBXBuildFile; fileRef = 880485781843339100746698 /* Localizable.strings */; };
		8804857E1843347C00746698 /* Localizable.strings in Resources */ = {isa = PBXBuildFile; fileRef = 8804857C1843347C00746698 /* Localizable.strings */; };
		880485811844365500746698 /* SNPrivatelistViewController.m in Sources */ = {isa = PBXBuildFile; fileRef = 8804857F1844365500746698 /* SNPrivatelistViewController.m */; };
		8804DC30184C12B40082CDFF /* smsninja.plist in Resources */ = {isa = PBXBuildFile; fileRef = 8804DC2F184C12B40082CDFF /* smsninja.plist */; };
		8804DC3D184C16B00082CDFF /* zh-Hans_fake.txt in Resources */ = {isa = PBXBuildFile; fileRef = 8804DC39184C16B00082CDFF /* zh-Hans_fake.txt */; };
		8804DC3E184C16B00082CDFF /* en.txt in Resources */ = {isa = PBXBuildFile; fileRef = 8804DC3A184C16B00082CDFF /* en.txt */; };
		8804DC3F184C16B00082CDFF /* zh-Hans.txt in Resources */ = {isa = PBXBuildFile; fileRef = 8804DC3B184C16B00082CDFF /* zh-Hans.txt */; };
		8804DC40184C16B00082CDFF /* en_fake.txt in Resources */ = {isa = PBXBuildFile; fileRef = 8804DC3C184C16B00082CDFF /* en_fake.txt */; };
		888C8F5C183B278F00698D52 /* SNWhitelistViewController.m in Sources */ = {isa = PBXBuildFile; fileRef = 888C8F5B183B278F00698D52 /* SNWhitelistViewController.m */; };
		888C8F5F183B2DFA00698D52 /* SNSystemCallHistoryViewController.m in Sources */ = {isa = PBXBuildFile; fileRef = 888C8F5E183B2DFA00698D52 /* SNSystemCallHistoryViewController.m */; };
		88A3052E18289E72006A69D8 /* Foundation.framework in Frameworks */ = {isa = PBXBuildFile; fileRef = 88A3052D18289E72006A69D8 /* Foundation.framework */; };
		88A3053018289E72006A69D8 /* CoreGraphics.framework in Frameworks */ = {isa = PBXBuildFile; fileRef = 88A3052F18289E72006A69D8 /* CoreGraphics.framework */; };
		88A3053218289E72006A69D8 /* UIKit.framework in Frameworks */ = {isa = PBXBuildFile; fileRef = 88A3053118289E72006A69D8 /* UIKit.framework */; };
		88A3053A18289E72006A69D8 /* main.m in Sources */ = {isa = PBXBuildFile; fileRef = 88A3053918289E72006A69D8 /* main.m */; };
		88A3053E18289E72006A69D8 /* SMSNinjaApplication.m in Sources */ = {isa = PBXBuildFile; fileRef = 88A3053D18289E72006A69D8 /* SMSNinjaApplication.m */; };
		88A3054E18289E73006A69D8 /* Foundation.framework in Frameworks */ = {isa = PBXBuildFile; fileRef = 88A3052D18289E72006A69D8 /* Foundation.framework */; };
		88A3054F18289E73006A69D8 /* UIKit.framework in Frameworks */ = {isa = PBXBuildFile; fileRef = 88A3053118289E72006A69D8 /* UIKit.framework */; };
		88C0E1D01839957300E0A343 /* SNMainViewController.m in Sources */ = {isa = PBXBuildFile; fileRef = 88C0E1CA1839957300E0A343 /* SNMainViewController.m */; };
		88C0E1D11839957300E0A343 /* SNSettingsViewController.m in Sources */ = {isa = PBXBuildFile; fileRef = 88C0E1CB1839957300E0A343 /* SNSettingsViewController.m */; };
		88C0E1D21839957300E0A343 /* SNReadMeViewController.m in Sources */ = {isa = PBXBuildFile; fileRef = 88C0E1CE1839957300E0A343 /* SNReadMeViewController.m */; };
		88C0E1D81839B42B00E0A343 /* SNTextTableViewCell.m in Sources */ = {isa = PBXBuildFile; fileRef = 88C0E1D71839B42B00E0A343 /* SNTextTableViewCell.m */; };
		88C0E1DB1839BC6200E0A343 /* SNBlockedMessageHistoryViewController.m in Sources */ = {isa = PBXBuildFile; fileRef = 88C0E1DA1839BC6200E0A343 /* SNBlockedMessageHistoryViewController.m */; };
		88C0E1E1183AF55200E0A343 /* SNBlockedCallHistoryViewController.m in Sources */ = {isa = PBXBuildFile; fileRef = 88C0E1E0183AF55200E0A343 /* SNBlockedCallHistoryViewController.m */; };
		88C0E1E4183B092F00E0A343 /* SNBlacklistViewController.m in Sources */ = {isa = PBXBuildFile; fileRef = 88C0E1E3183B092F00E0A343 /* SNBlacklistViewController.m */; };
		88C0E1EA183C9BBE00E0A343 /* SNSystemMessageHistoryViewController.m in Sources */ = {isa = PBXBuildFile; fileRef = 88C0E1E8183C9BBE00E0A343 /* SNSystemMessageHistoryViewController.m */; };
		88C0E1ED183CAE4A00E0A343 /* SNTimeViewController.m in Sources */ = {isa = PBXBuildFile; fileRef = 88C0E1EB183CAE4A00E0A343 /* SNTimeViewController.m */; };
		88C0E1F0183DB94100E0A343 /* SNContentViewController.m in Sources */ = {isa = PBXBuildFile; fileRef = 88C0E1EE183DB94100E0A343 /* SNContentViewController.m */; };
		88C0E1F3183EEEB100E0A343 /* SNPrivateCallHistoryViewController.m in Sources */ = {isa = PBXBuildFile; fileRef = 88C0E1F1183EEEB100E0A343 /* SNPrivateCallHistoryViewController.m */; };
		88C0E1F6183EF77B00E0A343 /* SNCallActionViewController.m in Sources */ = {isa = PBXBuildFile; fileRef = 88C0E1F4183EF77B00E0A343 /* SNCallActionViewController.m */; };
		88C0E1F9183EFA8700E0A343 /* SNMessageActionViewController.m in Sources */ = {isa = PBXBuildFile; fileRef = 88C0E1F8183EFA8700E0A343 /* SNMessageActionViewController.m */; };
		88C0E1FC183F077100E0A343 /* SNPictureViewController.m in Sources */ = {isa = PBXBuildFile; fileRef = 88C0E1FA183F077100E0A343 /* SNPictureViewController.m */; };
		88D1DADB183D13F6003CE84F /* SNNumberViewController.m in Sources */ = {isa = PBXBuildFile; fileRef = 88D1DADA183D13F6003CE84F /* SNNumberViewController.m */; };
		88DBD951183E5B3B00DE60DD /* SNPrivateViewController.m in Sources */ = {isa = PBXBuildFile; fileRef = 88DBD950183E5B3B00DE60DD /* SNPrivateViewController.m */; };
		88DBD956183E5E7D00DE60DD /* TODO in Resources */ = {isa = PBXBuildFile; fileRef = 88DBD955183E5E7D00DE60DD /* TODO */; };
		88DBD959183E650400DE60DD /* SNPrivateMessageHistoryViewController.m in Sources */ = {isa = PBXBuildFile; fileRef = 88DBD958183E650400DE60DD /* SNPrivateMessageHistoryViewController.m */; };
/* End PBXBuildFile section */

/* Begin PBXContainerItemProxy section */
		88A3055018289E73006A69D8 /* PBXContainerItemProxy */ = {
			isa = PBXContainerItemProxy;
			containerPortal = 88A3052218289E72006A69D8 /* Project object */;
			proxyType = 1;
			remoteGlobalIDString = 88A3052918289E72006A69D8;
			remoteInfo = SMSNinjaUI;
		};
/* End PBXContainerItemProxy section */

/* Begin PBXFileReference section */
		880485751842F12300746698 /* libsqlite3.0.dylib */ = {isa = PBXFileReference; lastKnownFileType = "compiled.mach-o.dylib"; name = libsqlite3.0.dylib; path = usr/lib/libsqlite3.0.dylib; sourceTree = SDKROOT; };
		880485791843339100746698 /* en */ = {isa = PBXFileReference; lastKnownFileType = text.plist.strings; name = en; path = Localizable.strings; sourceTree = "<group>"; };
		8804857D1843347C00746698 /* zh_CN */ = {isa = PBXFileReference; lastKnownFileType = text.plist.strings; name = zh_CN; path = Localizable.strings; sourceTree = "<group>"; };
		8804857F1844365500746698 /* SNPrivatelistViewController.m */ = {isa = PBXFileReference; fileEncoding = 4; lastKnownFileType = sourcecode.c.objc; path = SNPrivatelistViewController.m; sourceTree = "<group>"; };
		880485801844365500746698 /* SNPrivatelistViewController.h */ = {isa = PBXFileReference; fileEncoding = 4; lastKnownFileType = sourcecode.c.h; path = SNPrivatelistViewController.h; sourceTree = "<group>"; };
		8804DC2F184C12B40082CDFF /* smsninja.plist */ = {isa = PBXFileReference; fileEncoding = 4; lastKnownFileType = text.plist.xml; path = smsninja.plist; sourceTree = "<group>"; };
		8804DC39184C16B00082CDFF /* zh-Hans_fake.txt */ = {isa = PBXFileReference; fileEncoding = 4; lastKnownFileType = text; path = "zh-Hans_fake.txt"; sourceTree = "<group>"; };
		8804DC3A184C16B00082CDFF /* en.txt */ = {isa = PBXFileReference; fileEncoding = 4; lastKnownFileType = text; path = en.txt; sourceTree = "<group>"; };
		8804DC3B184C16B00082CDFF /* zh-Hans.txt */ = {isa = PBXFileReference; fileEncoding = 4; lastKnownFileType = text; path = "zh-Hans.txt"; sourceTree = "<group>"; };
		8804DC3C184C16B00082CDFF /* en_fake.txt */ = {isa = PBXFileReference; fileEncoding = 4; lastKnownFileType = text; path = en_fake.txt; sourceTree = "<group>"; };
		888C8F5A183B278F00698D52 /* SNWhitelistViewController.h */ = {isa = PBXFileReference; fileEncoding = 4; lastKnownFileType = sourcecode.c.h; path = SNWhitelistViewController.h; sourceTree = "<group>"; };
		888C8F5B183B278F00698D52 /* SNWhitelistViewController.m */ = {isa = PBXFileReference; fileEncoding = 4; lastKnownFileType = sourcecode.c.objc; path = SNWhitelistViewController.m; sourceTree = "<group>"; };
		888C8F5D183B2DFA00698D52 /* SNSystemCallHistoryViewController.h */ = {isa = PBXFileReference; fileEncoding = 4; lastKnownFileType = sourcecode.c.h; path = SNSystemCallHistoryViewController.h; sourceTree = "<group>"; };
		888C8F5E183B2DFA00698D52 /* SNSystemCallHistoryViewController.m */ = {isa = PBXFileReference; fileEncoding = 4; lastKnownFileType = sourcecode.c.objc; path = SNSystemCallHistoryViewController.m; sourceTree = "<group>"; };
		88A3052A18289E72006A69D8 /* SMSNinjaUI.app */ = {isa = PBXFileReference; explicitFileType = wrapper.application; includeInIndex = 0; path = SMSNinjaUI.app; sourceTree = BUILT_PRODUCTS_DIR; };
		88A3052D18289E72006A69D8 /* Foundation.framework */ = {isa = PBXFileReference; lastKnownFileType = wrapper.framework; name = Foundation.framework; path = System/Library/Frameworks/Foundation.framework; sourceTree = SDKROOT; };
		88A3052F18289E72006A69D8 /* CoreGraphics.framework */ = {isa = PBXFileReference; lastKnownFileType = wrapper.framework; name = CoreGraphics.framework; path = System/Library/Frameworks/CoreGraphics.framework; sourceTree = SDKROOT; };
		88A3053118289E72006A69D8 /* UIKit.framework */ = {isa = PBXFileReference; lastKnownFileType = wrapper.framework; name = UIKit.framework; path = System/Library/Frameworks/UIKit.framework; sourceTree = SDKROOT; };
		88A3053518289E72006A69D8 /* SMSNinjaUI-Info.plist */ = {isa = PBXFileReference; lastKnownFileType = text.plist.xml; path = "SMSNinjaUI-Info.plist"; sourceTree = "<group>"; };
		88A3053918289E72006A69D8 /* main.m */ = {isa = PBXFileReference; lastKnownFileType = sourcecode.c.objc; path = main.m; sourceTree = "<group>"; };
		88A3053C18289E72006A69D8 /* SMSNinjaApplication.h */ = {isa = PBXFileReference; lastKnownFileType = sourcecode.c.h; path = SMSNinjaApplication.h; sourceTree = "<group>"; };
		88A3053D18289E72006A69D8 /* SMSNinjaApplication.m */ = {isa = PBXFileReference; lastKnownFileType = sourcecode.c.objc; path = SMSNinjaApplication.m; sourceTree = "<group>"; };
		88A3054B18289E73006A69D8 /* SMSNinjaUITests.xctest */ = {isa = PBXFileReference; explicitFileType = wrapper.cfbundle; includeInIndex = 0; path = SMSNinjaUITests.xctest; sourceTree = BUILT_PRODUCTS_DIR; };
		88C0E1CA1839957300E0A343 /* SNMainViewController.m */ = {isa = PBXFileReference; fileEncoding = 4; lastKnownFileType = sourcecode.c.objc; path = SNMainViewController.m; sourceTree = "<group>"; };
		88C0E1CB1839957300E0A343 /* SNSettingsViewController.m */ = {isa = PBXFileReference; fileEncoding = 4; lastKnownFileType = sourcecode.c.objc; path = SNSettingsViewController.m; sourceTree = "<group>"; };
		88C0E1CC1839957300E0A343 /* SNSettingsViewController.h */ = {isa = PBXFileReference; fileEncoding = 4; lastKnownFileType = sourcecode.c.h; path = SNSettingsViewController.h; sourceTree = "<group>"; };
		88C0E1CD1839957300E0A343 /* SNReadMeViewController.h */ = {isa = PBXFileReference; fileEncoding = 4; lastKnownFileType = sourcecode.c.h; path = SNReadMeViewController.h; sourceTree = "<group>"; };
		88C0E1CE1839957300E0A343 /* SNReadMeViewController.m */ = {isa = PBXFileReference; fileEncoding = 4; lastKnownFileType = sourcecode.c.objc; path = SNReadMeViewController.m; sourceTree = "<group>"; };
		88C0E1CF1839957300E0A343 /* SNMainViewController.h */ = {isa = PBXFileReference; fileEncoding = 4; lastKnownFileType = sourcecode.c.h; path = SNMainViewController.h; sourceTree = "<group>"; };
		88C0E1D318399F3600E0A343 /* SMSNinja-private.h */ = {isa = PBXFileReference; fileEncoding = 4; lastKnownFileType = sourcecode.c.h; path = "SMSNinja-private.h"; sourceTree = "<group>"; };
		88C0E1D61839B42B00E0A343 /* SNTextTableViewCell.h */ = {isa = PBXFileReference; fileEncoding = 4; lastKnownFileType = sourcecode.c.h; path = SNTextTableViewCell.h; sourceTree = "<group>"; };
		88C0E1D71839B42B00E0A343 /* SNTextTableViewCell.m */ = {isa = PBXFileReference; fileEncoding = 4; lastKnownFileType = sourcecode.c.objc; path = SNTextTableViewCell.m; sourceTree = "<group>"; };
		88C0E1D91839BC6200E0A343 /* SNBlockedMessageHistoryViewController.h */ = {isa = PBXFileReference; fileEncoding = 4; lastKnownFileType = sourcecode.c.h; path = SNBlockedMessageHistoryViewController.h; sourceTree = "<group>"; };
		88C0E1DA1839BC6200E0A343 /* SNBlockedMessageHistoryViewController.m */ = {isa = PBXFileReference; fileEncoding = 4; lastKnownFileType = sourcecode.c.objc; path = SNBlockedMessageHistoryViewController.m; sourceTree = "<group>"; };
		88C0E1DF183AF55200E0A343 /* SNBlockedCallHistoryViewController.h */ = {isa = PBXFileReference; fileEncoding = 4; lastKnownFileType = sourcecode.c.h; path = SNBlockedCallHistoryViewController.h; sourceTree = "<group>"; };
		88C0E1E0183AF55200E0A343 /* SNBlockedCallHistoryViewController.m */ = {isa = PBXFileReference; fileEncoding = 4; lastKnownFileType = sourcecode.c.objc; path = SNBlockedCallHistoryViewController.m; sourceTree = "<group>"; };
		88C0E1E2183B092F00E0A343 /* SNBlacklistViewController.h */ = {isa = PBXFileReference; fileEncoding = 4; lastKnownFileType = sourcecode.c.h; path = SNBlacklistViewController.h; sourceTree = "<group>"; };
		88C0E1E3183B092F00E0A343 /* SNBlacklistViewController.m */ = {isa = PBXFileReference; fileEncoding = 4; lastKnownFileType = sourcecode.c.objc; path = SNBlacklistViewController.m; sourceTree = "<group>"; };
		88C0E1E8183C9BBE00E0A343 /* SNSystemMessageHistoryViewController.m */ = {isa = PBXFileReference; fileEncoding = 4; lastKnownFileType = sourcecode.c.objc; path = SNSystemMessageHistoryViewController.m; sourceTree = "<group>"; };
		88C0E1E9183C9BBE00E0A343 /* SNSystemMessageHistoryViewController.h */ = {isa = PBXFileReference; fileEncoding = 4; lastKnownFileType = sourcecode.c.h; path = SNSystemMessageHistoryViewController.h; sourceTree = "<group>"; };
		88C0E1EB183CAE4A00E0A343 /* SNTimeViewController.m */ = {isa = PBXFileReference; fileEncoding = 4; lastKnownFileType = sourcecode.c.objc; path = SNTimeViewController.m; sourceTree = "<group>"; };
		88C0E1EC183CAE4A00E0A343 /* SNTimeViewController.h */ = {isa = PBXFileReference; fileEncoding = 4; lastKnownFileType = sourcecode.c.h; path = SNTimeViewController.h; sourceTree = "<group>"; };
		88C0E1EE183DB94100E0A343 /* SNContentViewController.m */ = {isa = PBXFileReference; fileEncoding = 4; lastKnownFileType = sourcecode.c.objc; path = SNContentViewController.m; sourceTree = "<group>"; };
		88C0E1EF183DB94100E0A343 /* SNContentViewController.h */ = {isa = PBXFileReference; fileEncoding = 4; lastKnownFileType = sourcecode.c.h; path = SNContentViewController.h; sourceTree = "<group>"; };
		88C0E1F1183EEEB100E0A343 /* SNPrivateCallHistoryViewController.m */ = {isa = PBXFileReference; fileEncoding = 4; lastKnownFileType = sourcecode.c.objc; path = SNPrivateCallHistoryViewController.m; sourceTree = "<group>"; };
		88C0E1F2183EEEB100E0A343 /* SNPrivateCallHistoryViewController.h */ = {isa = PBXFileReference; fileEncoding = 4; lastKnownFileType = sourcecode.c.h; path = SNPrivateCallHistoryViewController.h; sourceTree = "<group>"; };
		88C0E1F4183EF77B00E0A343 /* SNCallActionViewController.m */ = {isa = PBXFileReference; fileEncoding = 4; lastKnownFileType = sourcecode.c.objc; path = SNCallActionViewController.m; sourceTree = "<group>"; };
		88C0E1F5183EF77B00E0A343 /* SNCallActionViewController.h */ = {isa = PBXFileReference; fileEncoding = 4; lastKnownFileType = sourcecode.c.h; path = SNCallActionViewController.h; sourceTree = "<group>"; };
		88C0E1F7183EFA8700E0A343 /* SNMessageActionViewController.h */ = {isa = PBXFileReference; fileEncoding = 4; lastKnownFileType = sourcecode.c.h; path = SNMessageActionViewController.h; sourceTree = "<group>"; };
		88C0E1F8183EFA8700E0A343 /* SNMessageActionViewController.m */ = {isa = PBXFileReference; fileEncoding = 4; lastKnownFileType = sourcecode.c.objc; path = SNMessageActionViewController.m; sourceTree = "<group>"; };
		88C0E1FA183F077100E0A343 /* SNPictureViewController.m */ = {isa = PBXFileReference; fileEncoding = 4; lastKnownFileType = sourcecode.c.objc; path = SNPictureViewController.m; sourceTree = "<group>"; };
		88C0E1FB183F077100E0A343 /* SNPictureViewController.h */ = {isa = PBXFileReference; fileEncoding = 4; lastKnownFileType = sourcecode.c.h; path = SNPictureViewController.h; sourceTree = "<group>"; };
		88D1DAD9183D13F6003CE84F /* SNNumberViewController.h */ = {isa = PBXFileReference; fileEncoding = 4; lastKnownFileType = sourcecode.c.h; path = SNNumberViewController.h; sourceTree = "<group>"; };
		88D1DADA183D13F6003CE84F /* SNNumberViewController.m */ = {isa = PBXFileReference; fileEncoding = 4; lastKnownFileType = sourcecode.c.objc; path = SNNumberViewController.m; sourceTree = "<group>"; };
		88DBD94F183E5B3B00DE60DD /* SNPrivateViewController.h */ = {isa = PBXFileReference; fileEncoding = 4; lastKnownFileType = sourcecode.c.h; path = SNPrivateViewController.h; sourceTree = "<group>"; };
		88DBD950183E5B3B00DE60DD /* SNPrivateViewController.m */ = {isa = PBXFileReference; fileEncoding = 4; lastKnownFileType = sourcecode.c.objc; path = SNPrivateViewController.m; sourceTree = "<group>"; };
		88DBD955183E5E7D00DE60DD /* TODO */ = {isa = PBXFileReference; fileEncoding = 4; lastKnownFileType = text; path = TODO; sourceTree = "<group>"; };
		88DBD957183E650400DE60DD /* SNPrivateMessageHistoryViewController.h */ = {isa = PBXFileReference; fileEncoding = 4; lastKnownFileType = sourcecode.c.h; path = SNPrivateMessageHistoryViewController.h; sourceTree = "<group>"; };
		88DBD958183E650400DE60DD /* SNPrivateMessageHistoryViewController.m */ = {isa = PBXFileReference; fileEncoding = 4; lastKnownFileType = sourcecode.c.objc; path = SNPrivateMessageHistoryViewController.m; sourceTree = "<group>"; };
/* End PBXFileReference section */

/* Begin PBXFrameworksBuildPhase section */
		88A3052718289E72006A69D8 /* Frameworks */ = {
			isa = PBXFrameworksBuildPhase;
			buildActionMask = 2147483647;
			files = (
				880485761842F12300746698 /* libsqlite3.0.dylib in Frameworks */,
				88A3053018289E72006A69D8 /* CoreGraphics.framework in Frameworks */,
				88A3053218289E72006A69D8 /* UIKit.framework in Frameworks */,
				88A3052E18289E72006A69D8 /* Foundation.framework in Frameworks */,
			);
			runOnlyForDeploymentPostprocessing = 0;
		};
		88A3054818289E73006A69D8 /* Frameworks */ = {
			isa = PBXFrameworksBuildPhase;
			buildActionMask = 2147483647;
			files = (
				88A3054F18289E73006A69D8 /* UIKit.framework in Frameworks */,
				88A3054E18289E73006A69D8 /* Foundation.framework in Frameworks */,
			);
			runOnlyForDeploymentPostprocessing = 0;
		};
/* End PBXFrameworksBuildPhase section */

/* Begin PBXGroup section */
		880485771843339100746698 /* en.lproj */ = {
			isa = PBXGroup;
			children = (
				880485781843339100746698 /* Localizable.strings */,
			);
			name = en.lproj;
			path = SMSNinjaUI/en.lproj;
			sourceTree = "<group>";
		};
		8804857B1843347C00746698 /* zh_CN.lproj */ = {
			isa = PBXGroup;
			children = (
				8804857C1843347C00746698 /* Localizable.strings */,
			);
			name = zh_CN.lproj;
			path = SMSNinjaUI/zh_CN.lproj;
			sourceTree = "<group>";
		};
		88A3052118289E72006A69D8 = {
			isa = PBXGroup;
			children = (
				8804857B1843347C00746698 /* zh_CN.lproj */,
				880485771843339100746698 /* en.lproj */,
				88A3053318289E72006A69D8 /* SMSNinjaUI */,
				88A3052C18289E72006A69D8 /* Frameworks */,
				88A3052B18289E72006A69D8 /* Products */,
			);
			sourceTree = "<group>";
		};
		88A3052B18289E72006A69D8 /* Products */ = {
			isa = PBXGroup;
			children = (
				88A3052A18289E72006A69D8 /* SMSNinjaUI.app */,
				88A3054B18289E73006A69D8 /* SMSNinjaUITests.xctest */,
			);
			name = Products;
			sourceTree = "<group>";
		};
		88A3052C18289E72006A69D8 /* Frameworks */ = {
			isa = PBXGroup;
			children = (
				880485751842F12300746698 /* libsqlite3.0.dylib */,
				88A3052D18289E72006A69D8 /* Foundation.framework */,
				88A3052F18289E72006A69D8 /* CoreGraphics.framework */,
				88A3053118289E72006A69D8 /* UIKit.framework */,
			);
			name = Frameworks;
			sourceTree = "<group>";
		};
		88A3053318289E72006A69D8 /* SMSNinjaUI */ = {
			isa = PBXGroup;
			children = (
				8804DC3B184C16B00082CDFF /* zh-Hans.txt */,
				8804DC39184C16B00082CDFF /* zh-Hans_fake.txt */,
				8804DC3A184C16B00082CDFF /* en.txt */,
				8804DC3C184C16B00082CDFF /* en_fake.txt */,
				8804DC2F184C12B40082CDFF /* smsninja.plist */,
				880485801844365500746698 /* SNPrivatelistViewController.h */,
				8804857F1844365500746698 /* SNPrivatelistViewController.m */,
				88C0E1E2183B092F00E0A343 /* SNBlacklistViewController.h */,
				88C0E1E3183B092F00E0A343 /* SNBlacklistViewController.m */,
				888C8F5A183B278F00698D52 /* SNWhitelistViewController.h */,
				888C8F5B183B278F00698D52 /* SNWhitelistViewController.m */,
				88C0E1FB183F077100E0A343 /* SNPictureViewController.h */,
				88C0E1FA183F077100E0A343 /* SNPictureViewController.m */,
				88C0E1F7183EFA8700E0A343 /* SNMessageActionViewController.h */,
				88C0E1F8183EFA8700E0A343 /* SNMessageActionViewController.m */,
				88C0E1F5183EF77B00E0A343 /* SNCallActionViewController.h */,
				88C0E1F4183EF77B00E0A343 /* SNCallActionViewController.m */,
				88C0E1F2183EEEB100E0A343 /* SNPrivateCallHistoryViewController.h */,
				88C0E1F1183EEEB100E0A343 /* SNPrivateCallHistoryViewController.m */,
				88DBD957183E650400DE60DD /* SNPrivateMessageHistoryViewController.h */,
				88DBD958183E650400DE60DD /* SNPrivateMessageHistoryViewController.m */,
				88DBD94F183E5B3B00DE60DD /* SNPrivateViewController.h */,
				88DBD950183E5B3B00DE60DD /* SNPrivateViewController.m */,
				88C0E1EF183DB94100E0A343 /* SNContentViewController.h */,
				88C0E1EE183DB94100E0A343 /* SNContentViewController.m */,
				88D1DAD9183D13F6003CE84F /* SNNumberViewController.h */,
				88D1DADA183D13F6003CE84F /* SNNumberViewController.m */,
				88C0E1EC183CAE4A00E0A343 /* SNTimeViewController.h */,
				88C0E1EB183CAE4A00E0A343 /* SNTimeViewController.m */,
				88C0E1E9183C9BBE00E0A343 /* SNSystemMessageHistoryViewController.h */,
				88C0E1E8183C9BBE00E0A343 /* SNSystemMessageHistoryViewController.m */,
				888C8F5D183B2DFA00698D52 /* SNSystemCallHistoryViewController.h */,
				888C8F5E183B2DFA00698D52 /* SNSystemCallHistoryViewController.m */,
				88C0E1DF183AF55200E0A343 /* SNBlockedCallHistoryViewController.h */,
				88C0E1E0183AF55200E0A343 /* SNBlockedCallHistoryViewController.m */,
				88C0E1D91839BC6200E0A343 /* SNBlockedMessageHistoryViewController.h */,
				88C0E1DA1839BC6200E0A343 /* SNBlockedMessageHistoryViewController.m */,
				88C0E1D61839B42B00E0A343 /* SNTextTableViewCell.h */,
				88C0E1D71839B42B00E0A343 /* SNTextTableViewCell.m */,
				88C0E1D318399F3600E0A343 /* SMSNinja-private.h */,
				88C0E1CF1839957300E0A343 /* SNMainViewController.h */,
				88C0E1CA1839957300E0A343 /* SNMainViewController.m */,
				88C0E1CC1839957300E0A343 /* SNSettingsViewController.h */,
				88C0E1CB1839957300E0A343 /* SNSettingsViewController.m */,
				88C0E1CD1839957300E0A343 /* SNReadMeViewController.h */,
				88C0E1CE1839957300E0A343 /* SNReadMeViewController.m */,
				88A3053C18289E72006A69D8 /* SMSNinjaApplication.h */,
				88A3053D18289E72006A69D8 /* SMSNinjaApplication.m */,
				88DBD955183E5E7D00DE60DD /* TODO */,
				88A3053418289E72006A69D8 /* Supporting Files */,
			);
			path = SMSNinjaUI;
			sourceTree = "<group>";
		};
		88A3053418289E72006A69D8 /* Supporting Files */ = {
			isa = PBXGroup;
			children = (
				88A3053518289E72006A69D8 /* SMSNinjaUI-Info.plist */,
				88A3053918289E72006A69D8 /* main.m */,
			);
			name = "Supporting Files";
			sourceTree = "<group>";
		};
/* End PBXGroup section */

/* Begin PBXNativeTarget section */
		88A3052918289E72006A69D8 /* SMSNinjaUI */ = {
			isa = PBXNativeTarget;
			buildConfigurationList = 88A3055C18289E73006A69D8 /* Build configuration list for PBXNativeTarget "SMSNinjaUI" */;
			buildPhases = (
				88A3052618289E72006A69D8 /* Sources */,
				88A3052718289E72006A69D8 /* Frameworks */,
				88A3052818289E72006A69D8 /* Resources */,
			);
			buildRules = (
			);
			dependencies = (
			);
			name = SMSNinjaUI;
			productName = SMSNinjaUI;
			productReference = 88A3052A18289E72006A69D8 /* SMSNinjaUI.app */;
			productType = "com.apple.product-type.application";
		};
		88A3054A18289E73006A69D8 /* SMSNinjaUITests */ = {
			isa = PBXNativeTarget;
			buildConfigurationList = 88A3055F18289E73006A69D8 /* Build configuration list for PBXNativeTarget "SMSNinjaUITests" */;
			buildPhases = (
				88A3054718289E73006A69D8 /* Sources */,
				88A3054818289E73006A69D8 /* Frameworks */,
				88A3054918289E73006A69D8 /* Resources */,
			);
			buildRules = (
			);
			dependencies = (
				88A3055118289E73006A69D8 /* PBXTargetDependency */,
			);
			name = SMSNinjaUITests;
			productName = SMSNinjaUITests;
			productReference = 88A3054B18289E73006A69D8 /* SMSNinjaUITests.xctest */;
			productType = "com.apple.product-type.bundle.unit-test";
		};
/* End PBXNativeTarget section */

/* Begin PBXProject section */
		88A3052218289E72006A69D8 /* Project object */ = {
			isa = PBXProject;
			attributes = {
				LastUpgradeCheck = 0500;
				ORGANIZATIONNAME = snakeninny;
				TargetAttributes = {
					88A3054A18289E73006A69D8 = {
						TestTargetID = 88A3052918289E72006A69D8;
					};
				};
			};
			buildConfigurationList = 88A3052518289E72006A69D8 /* Build configuration list for PBXProject "SMSNinjaUI" */;
			compatibilityVersion = "Xcode 3.2";
			developmentRegion = English;
			hasScannedForEncodings = 0;
			knownRegions = (
				en,
				Base,
				zh_CN,
			);
			mainGroup = 88A3052118289E72006A69D8;
			productRefGroup = 88A3052B18289E72006A69D8 /* Products */;
			projectDirPath = "";
			projectRoot = "";
			targets = (
				88A3052918289E72006A69D8 /* SMSNinjaUI */,
				88A3054A18289E73006A69D8 /* SMSNinjaUITests */,
			);
		};
/* End PBXProject section */

/* Begin PBXResourcesBuildPhase section */
		88A3052818289E72006A69D8 /* Resources */ = {
			isa = PBXResourcesBuildPhase;
			buildActionMask = 2147483647;
			files = (
				8804DC3F184C16B00082CDFF /* zh-Hans.txt in Resources */,
				88DBD956183E5E7D00DE60DD /* TODO in Resources */,
				8804DC40184C16B00082CDFF /* en_fake.txt in Resources */,
				8804857E1843347C00746698 /* Localizable.strings in Resources */,
				8804857A1843339100746698 /* Localizable.strings in Resources */,
				8804DC3E184C16B00082CDFF /* en.txt in Resources */,
				8804DC30184C12B40082CDFF /* smsninja.plist in Resources */,
				8804DC3D184C16B00082CDFF /* zh-Hans_fake.txt in Resources */,
			);
			runOnlyForDeploymentPostprocessing = 0;
		};
		88A3054918289E73006A69D8 /* Resources */ = {
			isa = PBXResourcesBuildPhase;
			buildActionMask = 2147483647;
			files = (
			);
			runOnlyForDeploymentPostprocessing = 0;
		};
/* End PBXResourcesBuildPhase section */

/* Begin PBXSourcesBuildPhase section */
		88A3052618289E72006A69D8 /* Sources */ = {
			isa = PBXSourcesBuildPhase;
			buildActionMask = 2147483647;
			files = (
				88C0E1D21839957300E0A343 /* SNReadMeViewController.m in Sources */,
				88C0E1ED183CAE4A00E0A343 /* SNTimeViewController.m in Sources */,
				88C0E1F6183EF77B00E0A343 /* SNCallActionViewController.m in Sources */,
				888C8F5F183B2DFA00698D52 /* SNSystemCallHistoryViewController.m in Sources */,
				88C0E1E1183AF55200E0A343 /* SNBlockedCallHistoryViewController.m in Sources */,
				88A3053E18289E72006A69D8 /* SMSNinjaApplication.m in Sources */,
				88C0E1D11839957300E0A343 /* SNSettingsViewController.m in Sources */,
				88C0E1DB1839BC6200E0A343 /* SNBlockedMessageHistoryViewController.m in Sources */,
				888C8F5C183B278F00698D52 /* SNWhitelistViewController.m in Sources */,
				88C0E1F3183EEEB100E0A343 /* SNPrivateCallHistoryViewController.m in Sources */,
				88D1DADB183D13F6003CE84F /* SNNumberViewController.m in Sources */,
				88C0E1FC183F077100E0A343 /* SNPictureViewController.m in Sources */,
				88C0E1E4183B092F00E0A343 /* SNBlacklistViewController.m in Sources */,
				880485811844365500746698 /* SNPrivatelistViewController.m in Sources */,
				88C0E1D01839957300E0A343 /* SNMainViewController.m in Sources */,
				88C0E1F0183DB94100E0A343 /* SNContentViewController.m in Sources */,
				88C0E1EA183C9BBE00E0A343 /* SNSystemMessageHistoryViewController.m in Sources */,
				88DBD959183E650400DE60DD /* SNPrivateMessageHistoryViewController.m in Sources */,
				88A3053A18289E72006A69D8 /* main.m in Sources */,
				88C0E1F9183EFA8700E0A343 /* SNMessageActionViewController.m in Sources */,
				88C0E1D81839B42B00E0A343 /* SNTextTableViewCell.m in Sources */,
				88DBD951183E5B3B00DE60DD /* SNPrivateViewController.m in Sources */,
			);
			runOnlyForDeploymentPostprocessing = 0;
		};
		88A3054718289E73006A69D8 /* Sources */ = {
			isa = PBXSourcesBuildPhase;
			buildActionMask = 2147483647;
			files = (
			);
			runOnlyForDeploymentPostprocessing = 0;
		};
/* End PBXSourcesBuildPhase section */

/* Begin PBXTargetDependency section */
		88A3055118289E73006A69D8 /* PBXTargetDependency */ = {
			isa = PBXTargetDependency;
			target = 88A3052918289E72006A69D8 /* SMSNinjaUI */;
			targetProxy = 88A3055018289E73006A69D8 /* PBXContainerItemProxy */;
		};
/* End PBXTargetDependency section */

/* Begin PBXVariantGroup section */
		880485781843339100746698 /* Localizable.strings */ = {
			isa = PBXVariantGroup;
			children = (
				880485791843339100746698 /* en */,
			);
			name = Localizable.strings;
			sourceTree = "<group>";
		};
		8804857C1843347C00746698 /* Localizable.strings */ = {
			isa = PBXVariantGroup;
			children = (
				8804857D1843347C00746698 /* zh_CN */,
			);
			name = Localizable.strings;
			sourceTree = "<group>";
		};
/* End PBXVariantGroup section */

/* Begin XCBuildConfiguration section */
		88A3055A18289E73006A69D8 /* Debug */ = {
			isa = XCBuildConfiguration;
			buildSettings = {
				ALWAYS_SEARCH_USER_PATHS = NO;
				ARCHS = "$(ARCHS_STANDARD_INCLUDING_64_BIT)";
				CLANG_CXX_LANGUAGE_STANDARD = "gnu++0x";
				CLANG_CXX_LIBRARY = "libc++";
				CLANG_ENABLE_MODULES = YES;
				CLANG_ENABLE_OBJC_ARC = YES;
				CLANG_WARN_BOOL_CONVERSION = YES;
				CLANG_WARN_CONSTANT_CONVERSION = YES;
				CLANG_WARN_DIRECT_OBJC_ISA_USAGE = YES_ERROR;
				CLANG_WARN_EMPTY_BODY = YES;
				CLANG_WARN_ENUM_CONVERSION = YES;
				CLANG_WARN_INT_CONVERSION = YES;
				CLANG_WARN_OBJC_ROOT_CLASS = YES_ERROR;
				CLANG_WARN__DUPLICATE_METHOD_MATCH = YES;
				"CODE_SIGN_IDENTITY[sdk=iphoneos*]" = "iPhone Developer";
				COPY_PHASE_STRIP = NO;
				GCC_C_LANGUAGE_STANDARD = gnu99;
				GCC_DYNAMIC_NO_PIC = NO;
				GCC_OPTIMIZATION_LEVEL = 0;
				GCC_PREPROCESSOR_DEFINITIONS = (
					"DEBUG=1",
					"$(inherited)",
				);
				GCC_SYMBOLS_PRIVATE_EXTERN = NO;
				GCC_WARN_64_TO_32_BIT_CONVERSION = YES;
				GCC_WARN_ABOUT_RETURN_TYPE = YES_ERROR;
				GCC_WARN_UNDECLARED_SELECTOR = YES;
				GCC_WARN_UNINITIALIZED_AUTOS = YES;
				GCC_WARN_UNUSED_FUNCTION = YES;
				GCC_WARN_UNUSED_VARIABLE = YES;
				IPHONEOS_DEPLOYMENT_TARGET = 7.0;
				ONLY_ACTIVE_ARCH = YES;
				SDKROOT = iphoneos;
			};
			name = Debug;
		};
		88A3055B18289E73006A69D8 /* Release */ = {
			isa = XCBuildConfiguration;
			buildSettings = {
				ALWAYS_SEARCH_USER_PATHS = NO;
				ARCHS = "$(ARCHS_STANDARD_INCLUDING_64_BIT)";
				CLANG_CXX_LANGUAGE_STANDARD = "gnu++0x";
				CLANG_CXX_LIBRARY = "libc++";
				CLANG_ENABLE_MODULES = YES;
				CLANG_ENABLE_OBJC_ARC = YES;
				CLANG_WARN_BOOL_CONVERSION = YES;
				CLANG_WARN_CONSTANT_CONVERSION = YES;
				CLANG_WARN_DIRECT_OBJC_ISA_USAGE = YES_ERROR;
				CLANG_WARN_EMPTY_BODY = YES;
				CLANG_WARN_ENUM_CONVERSION = YES;
				CLANG_WARN_INT_CONVERSION = YES;
				CLANG_WARN_OBJC_ROOT_CLASS = YES_ERROR;
				CLANG_WARN__DUPLICATE_METHOD_MATCH = YES;
				"CODE_SIGN_IDENTITY[sdk=iphoneos*]" = "iPhone Developer";
				COPY_PHASE_STRIP = YES;
				ENABLE_NS_ASSERTIONS = NO;
				GCC_C_LANGUAGE_STANDARD = gnu99;
				GCC_WARN_64_TO_32_BIT_CONVERSION = YES;
				GCC_WARN_ABOUT_RETURN_TYPE = YES_ERROR;
				GCC_WARN_UNDECLARED_SELECTOR = YES;
				GCC_WARN_UNINITIALIZED_AUTOS = YES;
				GCC_WARN_UNUSED_FUNCTION = YES;
				GCC_WARN_UNUSED_VARIABLE = YES;
				IPHONEOS_DEPLOYMENT_TARGET = 7.0;
				SDKROOT = iphoneos;
				VALIDATE_PRODUCT = YES;
			};
			name = Release;
		};
		88A3055D18289E73006A69D8 /* Debug */ = {
			isa = XCBuildConfiguration;
			buildSettings = {
				ARCHS = "$(ARCHS_STANDARD)";
				ASSETCATALOG_COMPILER_APPICON_NAME = AppIcon;
				ASSETCATALOG_COMPILER_LAUNCHIMAGE_NAME = LaunchImage;
				CLANG_ENABLE_OBJC_ARC = NO;
				GCC_PRECOMPILE_PREFIX_HEADER = YES;
				INFOPLIST_FILE = "SMSNinjaUI/SMSNinjaUI-Info.plist";
				IPHONEOS_DEPLOYMENT_TARGET = 5.0;
				PRODUCT_NAME = "$(TARGET_NAME)";
				SDKROOT = iphoneos;
				VALID_ARCHS = "armv7 armv7s";
				WRAPPER_EXTENSION = app;
			};
			name = Debug;
		};
		88A3055E18289E73006A69D8 /* Release */ = {
			isa = XCBuildConfiguration;
			buildSettings = {
				ARCHS = "$(ARCHS_STANDARD)";
				ASSETCATALOG_COMPILER_APPICON_NAME = AppIcon;
				ASSETCATALOG_COMPILER_LAUNCHIMAGE_NAME = LaunchImage;
				CLANG_ENABLE_OBJC_ARC = NO;
				GCC_PRECOMPILE_PREFIX_HEADER = YES;
				INFOPLIST_FILE = "SMSNinjaUI/SMSNinjaUI-Info.plist";
				IPHONEOS_DEPLOYMENT_TARGET = 5.0;
				PRODUCT_NAME = "$(TARGET_NAME)";
				SDKROOT = iphoneos;
				VALID_ARCHS = "armv7 armv7s";
				WRAPPER_EXTENSION = app;
			};
			name = Release;
		};
		88A3056018289E73006A69D8 /* Debug */ = {
			isa = XCBuildConfiguration;
			buildSettings = {
				ARCHS = "$(ARCHS_STANDARD_INCLUDING_64_BIT)";
				BUNDLE_LOADER = "$(BUILT_PRODUCTS_DIR)/SMSNinjaUI.app/SMSNinjaUI";
				FRAMEWORK_SEARCH_PATHS = (
					"$(SDKROOT)/Developer/Library/Frameworks",
					"$(inherited)",
					"$(DEVELOPER_FRAMEWORKS_DIR)",
				);
				GCC_PRECOMPILE_PREFIX_HEADER = YES;
				GCC_PREFIX_HEADER = "SMSNinjaUI/SMSNinjaUI-Prefix.pch";
				GCC_PREPROCESSOR_DEFINITIONS = (
					"DEBUG=1",
					"$(inherited)",
				);
				INFOPLIST_FILE = "SMSNinjaUITests/SMSNinjaUITests-Info.plist";
				PRODUCT_NAME = "$(TARGET_NAME)";
				TEST_HOST = "$(BUNDLE_LOADER)";
				WRAPPER_EXTENSION = xctest;
			};
			name = Debug;
		};
		88A3056118289E73006A69D8 /* Release */ = {
			isa = XCBuildConfiguration;
			buildSettings = {
				ARCHS = "$(ARCHS_STANDARD_INCLUDING_64_BIT)";
				BUNDLE_LOADER = "$(BUILT_PRODUCTS_DIR)/SMSNinjaUI.app/SMSNinjaUI";
				FRAMEWORK_SEARCH_PATHS = (
					"$(SDKROOT)/Developer/Library/Frameworks",
					"$(inherited)",
					"$(DEVELOPER_FRAMEWORKS_DIR)",
				);
				GCC_PRECOMPILE_PREFIX_HEADER = YES;
				GCC_PREFIX_HEADER = "SMSNinjaUI/SMSNinjaUI-Prefix.pch";
				INFOPLIST_FILE = "SMSNinjaUITests/SMSNinjaUITests-Info.plist";
				PRODUCT_NAME = "$(TARGET_NAME)";
				TEST_HOST = "$(BUNDLE_LOADER)";
				WRAPPER_EXTENSION = xctest;
			};
			name = Release;
		};
/* End XCBuildConfiguration section */

/* Begin XCConfigurationList section */
		88A3052518289E72006A69D8 /* Build configuration list for PBXProject "SMSNinjaUI" */ = {
			isa = XCConfigurationList;
			buildConfigurations = (
				88A3055A18289E73006A69D8 /* Debug */,
				88A3055B18289E73006A69D8 /* Release */,
			);
			defaultConfigurationIsVisible = 0;
			defaultConfigurationName = Release;
		};
		88A3055C18289E73006A69D8 /* Build configuration list for PBXNativeTarget "SMSNinjaUI" */ = {
			isa = XCConfigurationList;
			buildConfigurations = (
				88A3055D18289E73006A69D8 /* Debug */,
				88A3055E18289E73006A69D8 /* Release */,
			);
			defaultConfigurationIsVisible = 0;
			defaultConfigurationName = Release;
		};
		88A3055F18289E73006A69D8 /* Build configuration list for PBXNativeTarget "SMSNinjaUITests" */ = {
			isa = XCConfigurationList;
			buildConfigurations = (
				88A3056018289E73006A69D8 /* Debug */,
				88A3056118289E73006A69D8 /* Release */,
			);
			defaultConfigurationIsVisible = 0;
			defaultConfigurationName = Release;
		};
/* End XCConfigurationList section */
	};
	rootObject = 88A3052218289E72006A69D8 /* Project object */;
}
